
Microsoft Visual Studio Solution File, Format Version 12.00
# Visual Studio Version 17
VisualStudioVersion = 17.12.35309.182
MinimumVisualStudioVersion = 10.0.40219.1
Project("{2150E333-8FDC-42A3-9474-1A3956D46DE8}") = "Services", "Services", "{E0E678E6-6C47-4D1C-8DBB-B9CD5DCB3D55}"
EndProject
Project("{2150E333-8FDC-42A3-9474-1A3956D46DE8}") = "Catalog", "Catalog", "{193F5535-504F-4D62-856A-20181400DBD4}"
EndProject
Project("{FAE04EC0-301F-11D3-BF4B-00C04F79EFBC}") = "Catalog.API", "Services\Catalog\Catalog.API\Catalog.API.csproj", "{D5C49396-D51C-4A27-BF4B-C301F86CFCD2}"
EndProject
Project("{E53339B2-1760-4266-BCC7-CA923CBCF16C}") = "docker-compose", "docker-compose.dcproj", "{F84D29EB-425F-4CFE-B4C5-B727D66854FC}"
EndProject
Project("{2150E333-8FDC-42A3-9474-1A3956D46DE8}") = "Basket", "Basket", "{F660388B-C9E4-4E0E-B9DA-CC6CDB2B7775}"
EndProject
Project("{FAE04EC0-301F-11D3-BF4B-00C04F79EFBC}") = "Basket.API", "Services\Basket\Basket.API\Basket.API.csproj", "{B5F40C7E-F414-4479-8D2E-788154D445F8}"
EndProject
Project("{2150E333-8FDC-42A3-9474-1A3956D46DE8}") = "Discount", "Discount", "{36207AE5-4A06-4761-A6F9-EA5095FC68D5}"
EndProject
Project("{FAE04EC0-301F-11D3-BF4B-00C04F79EFBC}") = "Discount.API", "Services\Discount\Discount.API\Discount.API.csproj", "{B67A3D10-18EE-4D34-8942-D15050356BAF}"
EndProject
Project("{FAE04EC0-301F-11D3-BF4B-00C04F79EFBC}") = "Discount.gRPC", "Services\Discount\Discount.gRPC\Discount.gRPC.csproj", "{7DB0CF90-FF85-450F-A560-E12527D267C0}"
EndProject
Project("{2150E333-8FDC-42A3-9474-1A3956D46DE8}") = "Ordering", "Ordering", "{1D262DDB-BA80-4703-81DA-078951CD266C}"
EndProject
Project("{FAE04EC0-301F-11D3-BF4B-00C04F79EFBC}") = "Ordering.API", "Services\Ordering\Ordering.API\Ordering.API.csproj", "{FAB70FBF-906D-4432-B3E1-E3C80DC66E67}"
EndProject
Project("{FAE04EC0-301F-11D3-BF4B-00C04F79EFBC}") = "Ordering.Domain", "Services\Ordering\Ordering.Domain\Ordering.Domain.csproj", "{E6D37915-1DAF-4F60-8F44-2F2B3918B4A8}"
EndProject
Project("{FAE04EC0-301F-11D3-BF4B-00C04F79EFBC}") = "Ordering.Application", "Services\Ordering\Ordering.Application\Ordering.Application.csproj", "{DD88DC01-3E68-49DB-A401-305C9B3D1F73}"
EndProject
Project("{FAE04EC0-301F-11D3-BF4B-00C04F79EFBC}") = "Ordering.Infrastructure", "Services\Ordering\Ordering.Infrastructure\Ordering.Infrastructure.csproj", "{0DD3E646-DC68-42F6-89F2-6FE634932B68}"
EndProject
Project("{2150E333-8FDC-42A3-9474-1A3956D46DE8}") = "BuildingBlocks", "BuildingBlocks", "{02EA681E-C7D8-13C7-8484-4AC65E1B71E8}"
EndProject
Project("{FAE04EC0-301F-11D3-BF4B-00C04F79EFBC}") = "EventBus.Messages", "BuildingBlocks\EventBus.Messages\EventBus.Messages.csproj", "{E0BC4FCE-1DA4-42BC-B2AC-6D43B6F7990F}"
EndProject
Project("{2150E333-8FDC-42A3-9474-1A3956D46DE8}") = "ApiGateways", "ApiGateways", "{C7BFC027-CFBF-48F1-A729-EB9DD426A2E7}"
EndProject
Project("{FAE04EC0-301F-11D3-BF4B-00C04F79EFBC}") = "OcelotApiGw", "ApiGateways\OcelotApiGw\OcelotApiGw.csproj", "{B395563D-B654-4FFC-8BCE-F7EC8C51A294}"
EndProject
Project("{FAE04EC0-301F-11D3-BF4B-00C04F79EFBC}") = "Shopping.Aggregator", "apigateways\Shopping.Aggregator\Shopping.Aggregator.csproj", "{E7A1070A-D6C6-45EE-BF52-DB175BDE5896}"
EndProject
Global
	GlobalSection(SolutionConfigurationPlatforms) = preSolution
		Debug|Any CPU = Debug|Any CPU
		Release|Any CPU = Release|Any CPU
	EndGlobalSection
	GlobalSection(ProjectConfigurationPlatforms) = postSolution
		{D5C49396-D51C-4A27-BF4B-C301F86CFCD2}.Debug|Any CPU.ActiveCfg = Debug|Any CPU
		{D5C49396-D51C-4A27-BF4B-C301F86CFCD2}.Debug|Any CPU.Build.0 = Debug|Any CPU
		{D5C49396-D51C-4A27-BF4B-C301F86CFCD2}.Release|Any CPU.ActiveCfg = Release|Any CPU
		{D5C49396-D51C-4A27-BF4B-C301F86CFCD2}.Release|Any CPU.Build.0 = Release|Any CPU
		{F84D29EB-425F-4CFE-B4C5-B727D66854FC}.Debug|Any CPU.ActiveCfg = Debug|Any CPU
		{F84D29EB-425F-4CFE-B4C5-B727D66854FC}.Debug|Any CPU.Build.0 = Debug|Any CPU
		{F84D29EB-425F-4CFE-B4C5-B727D66854FC}.Release|Any CPU.ActiveCfg = Release|Any CPU
		{F84D29EB-425F-4CFE-B4C5-B727D66854FC}.Release|Any CPU.Build.0 = Release|Any CPU
		{B5F40C7E-F414-4479-8D2E-788154D445F8}.Debug|Any CPU.ActiveCfg = Debug|Any CPU
		{B5F40C7E-F414-4479-8D2E-788154D445F8}.Debug|Any CPU.Build.0 = Debug|Any CPU
		{B5F40C7E-F414-4479-8D2E-788154D445F8}.Release|Any CPU.ActiveCfg = Release|Any CPU
		{B5F40C7E-F414-4479-8D2E-788154D445F8}.Release|Any CPU.Build.0 = Release|Any CPU
		{B67A3D10-18EE-4D34-8942-D15050356BAF}.Debug|Any CPU.ActiveCfg = Debug|Any CPU
		{B67A3D10-18EE-4D34-8942-D15050356BAF}.Debug|Any CPU.Build.0 = Debug|Any CPU
		{B67A3D10-18EE-4D34-8942-D15050356BAF}.Release|Any CPU.ActiveCfg = Release|Any CPU
		{B67A3D10-18EE-4D34-8942-D15050356BAF}.Release|Any CPU.Build.0 = Release|Any CPU
		{7DB0CF90-FF85-450F-A560-E12527D267C0}.Debug|Any CPU.ActiveCfg = Debug|Any CPU
		{7DB0CF90-FF85-450F-A560-E12527D267C0}.Debug|Any CPU.Build.0 = Debug|Any CPU
		{7DB0CF90-FF85-450F-A560-E12527D267C0}.Release|Any CPU.ActiveCfg = Release|Any CPU
		{7DB0CF90-FF85-450F-A560-E12527D267C0}.Release|Any CPU.Build.0 = Release|Any CPU
		{FAB70FBF-906D-4432-B3E1-E3C80DC66E67}.Debug|Any CPU.ActiveCfg = Debug|Any CPU
		{FAB70FBF-906D-4432-B3E1-E3C80DC66E67}.Debug|Any CPU.Build.0 = Debug|Any CPU
		{FAB70FBF-906D-4432-B3E1-E3C80DC66E67}.Release|Any CPU.ActiveCfg = Release|Any CPU
		{FAB70FBF-906D-4432-B3E1-E3C80DC66E67}.Release|Any CPU.Build.0 = Release|Any CPU
		{E6D37915-1DAF-4F60-8F44-2F2B3918B4A8}.Debug|Any CPU.ActiveCfg = Debug|Any CPU
		{E6D37915-1DAF-4F60-8F44-2F2B3918B4A8}.Debug|Any CPU.Build.0 = Debug|Any CPU
		{E6D37915-1DAF-4F60-8F44-2F2B3918B4A8}.Release|Any CPU.ActiveCfg = Release|Any CPU
		{E6D37915-1DAF-4F60-8F44-2F2B3918B4A8}.Release|Any CPU.Build.0 = Release|Any CPU
		{DD88DC01-3E68-49DB-A401-305C9B3D1F73}.Debug|Any CPU.ActiveCfg = Debug|Any CPU
		{DD88DC01-3E68-49DB-A401-305C9B3D1F73}.Debug|Any CPU.Build.0 = Debug|Any CPU
		{DD88DC01-3E68-49DB-A401-305C9B3D1F73}.Release|Any CPU.ActiveCfg = Release|Any CPU
		{DD88DC01-3E68-49DB-A401-305C9B3D1F73}.Release|Any CPU.Build.0 = Release|Any CPU
		{0DD3E646-DC68-42F6-89F2-6FE634932B68}.Debug|Any CPU.ActiveCfg = Debug|Any CPU
		{0DD3E646-DC68-42F6-89F2-6FE634932B68}.Debug|Any CPU.Build.0 = Debug|Any CPU
		{0DD3E646-DC68-42F6-89F2-6FE634932B68}.Release|Any CPU.ActiveCfg = Release|Any CPU
		{0DD3E646-DC68-42F6-89F2-6FE634932B68}.Release|Any CPU.Build.0 = Release|Any CPU
		{E0BC4FCE-1DA4-42BC-B2AC-6D43B6F7990F}.Debug|Any CPU.ActiveCfg = Debug|Any CPU
		{E0BC4FCE-1DA4-42BC-B2AC-6D43B6F7990F}.Debug|Any CPU.Build.0 = Debug|Any CPU
		{E0BC4FCE-1DA4-42BC-B2AC-6D43B6F7990F}.Release|Any CPU.ActiveCfg = Release|Any CPU
		{E0BC4FCE-1DA4-42BC-B2AC-6D43B6F7990F}.Release|Any CPU.Build.0 = Release|Any CPU
		{B395563D-B654-4FFC-8BCE-F7EC8C51A294}.Debug|Any CPU.ActiveCfg = Debug|Any CPU
		{B395563D-B654-4FFC-8BCE-F7EC8C51A294}.Debug|Any CPU.Build.0 = Debug|Any CPU
		{B395563D-B654-4FFC-8BCE-F7EC8C51A294}.Release|Any CPU.ActiveCfg = Release|Any CPU
		{B395563D-B654-4FFC-8BCE-F7EC8C51A294}.Release|Any CPU.Build.0 = Release|Any CPU
		{E7A1070A-D6C6-45EE-BF52-DB175BDE5896}.Debug|Any CPU.ActiveCfg = Debug|Any CPU
		{E7A1070A-D6C6-45EE-BF52-DB175BDE5896}.Debug|Any CPU.Build.0 = Debug|Any CPU
		{E7A1070A-D6C6-45EE-BF52-DB175BDE5896}.Release|Any CPU.ActiveCfg = Release|Any CPU
		{E7A1070A-D6C6-45EE-BF52-DB175BDE5896}.Release|Any CPU.Build.0 = Release|Any CPU
	EndGlobalSection
	GlobalSection(SolutionProperties) = preSolution
		HideSolutionNode = FALSE
	EndGlobalSection
	GlobalSection(NestedProjects) = preSolution
		{193F5535-504F-4D62-856A-20181400DBD4} = {E0E678E6-6C47-4D1C-8DBB-B9CD5DCB3D55}
		{D5C49396-D51C-4A27-BF4B-C301F86CFCD2} = {193F5535-504F-4D62-856A-20181400DBD4}
		{F660388B-C9E4-4E0E-B9DA-CC6CDB2B7775} = {E0E678E6-6C47-4D1C-8DBB-B9CD5DCB3D55}
		{B5F40C7E-F414-4479-8D2E-788154D445F8} = {F660388B-C9E4-4E0E-B9DA-CC6CDB2B7775}
		{36207AE5-4A06-4761-A6F9-EA5095FC68D5} = {E0E678E6-6C47-4D1C-8DBB-B9CD5DCB3D55}
		{B67A3D10-18EE-4D34-8942-D15050356BAF} = {36207AE5-4A06-4761-A6F9-EA5095FC68D5}
		{7DB0CF90-FF85-450F-A560-E12527D267C0} = {36207AE5-4A06-4761-A6F9-EA5095FC68D5}
		{1D262DDB-BA80-4703-81DA-078951CD266C} = {E0E678E6-6C47-4D1C-8DBB-B9CD5DCB3D55}
		{FAB70FBF-906D-4432-B3E1-E3C80DC66E67} = {1D262DDB-BA80-4703-81DA-078951CD266C}
		{E6D37915-1DAF-4F60-8F44-2F2B3918B4A8} = {1D262DDB-BA80-4703-81DA-078951CD266C}
		{DD88DC01-3E68-49DB-A401-305C9B3D1F73} = {1D262DDB-BA80-4703-81DA-078951CD266C}
		{0DD3E646-DC68-42F6-89F2-6FE634932B68} = {1D262DDB-BA80-4703-81DA-078951CD266C}
		{E0BC4FCE-1DA4-42BC-B2AC-6D43B6F7990F} = {02EA681E-C7D8-13C7-8484-4AC65E1B71E8}
		{B395563D-B654-4FFC-8BCE-F7EC8C51A294} = {C7BFC027-CFBF-48F1-A729-EB9DD426A2E7}
		{E7A1070A-D6C6-45EE-BF52-DB175BDE5896} = {C7BFC027-CFBF-48F1-A729-EB9DD426A2E7}
	EndGlobalSection
	GlobalSection(ExtensibilityGlobals) = postSolution
		SolutionGuid = {8CC45306-3832-49F2-BACC-1B34B3F8C61F}
	EndGlobalSection
EndGlobal
